<?xml version="1.0" encoding="utf-8"?>
<Project ToolsVersion="4.0" xmlns="http://schemas.microsoft.com/developer/msbuild/2003">
  <ItemGroup>
    <Filter Include="소스 파일">
      <UniqueIdentifier>{4FC737F1-C7A5-4376-A066-2A32D752A2FF}</UniqueIdentifier>
      <Extensions>cpp;c;cc;cxx;c++;def;odl;idl;hpj;bat;asm;asmx</Extensions>
    </Filter>
    <Filter Include="헤더 파일">
      <UniqueIdentifier>{93995380-89BD-4b04-88EB-625FBE52EBFB}</UniqueIdentifier>
      <Extensions>h;hh;hpp;hxx;h++;hm;inl;inc;ipp;xsd</Extensions>
    </Filter>
    <Filter Include="리소스 파일">
      <UniqueIdentifier>{67DA6AB6-F800-4c08-8B7A-83BB121AAD01}</UniqueIdentifier>
      <Extensions>rc;ico;cur;bmp;dlg;rc2;rct;bin;rgs;gif;jpg;jpeg;jpe;resx;tiff;tif;png;wav;mfcribbon-ms</Extensions>
    </Filter>
  </ItemGroup>
  <ItemGroup>
    <ClCompile Include="정렬\2108.cpp">
      <Filter>소스 파일</Filter>
    </ClCompile>
    <ClCompile Include="정렬\2751.cpp">
      <Filter>소스 파일</Filter>
    </ClCompile>
    <ClCompile Include="정렬\2751-1.cpp">
      <Filter>소스 파일</Filter>
    </ClCompile>
    <ClCompile Include="동적계획법1\1003.cpp">
      <Filter>소스 파일</Filter>
    </ClCompile>
    <ClCompile Include="동적계획법1\1932.cpp">
      <Filter>소스 파일</Filter>
    </ClCompile>
    <ClCompile Include="동적계획법1\11054.cpp">
      <Filter>소스 파일</Filter>
    </ClCompile>
    <ClCompile Include="정렬\10814.cpp">
      <Filter>소스 파일</Filter>
    </ClCompile>
    <ClCompile Include="함수\15596.cpp">
      <Filter>소스 파일</Filter>
    </ClCompile>
    <ClCompile Include="함수\1515.cpp">
      <Filter>소스 파일</Filter>
    </ClCompile>
    <ClCompile Include="이분탐색\10815.cpp">
      <Filter>소스 파일</Filter>
    </ClCompile>
    <ClCompile Include="이분탐색\10815-1.cpp">
      <Filter>소스 파일</Filter>
    </ClCompile>
    <ClCompile Include="스택\10773.cpp">
      <Filter>소스 파일</Filter>
    </ClCompile>
    <ClCompile Include="함수\4673.cpp">
      <Filter>소스 파일</Filter>
    </ClCompile>
    <ClCompile Include="함수\1065.cpp">
      <Filter>소스 파일</Filter>
    </ClCompile>
    <ClCompile Include="수학1\1011.cpp">
      <Filter>소스 파일</Filter>
    </ClCompile>
    <ClCompile Include="재귀\2447.cpp">
      <Filter>소스 파일</Filter>
    </ClCompile>
    <ClCompile Include="DIAMOND 5\5051.cpp">
      <Filter>소스 파일</Filter>
    </ClCompile>
    <ClCompile Include="스택\10828.cpp">
      <Filter>소스 파일</Filter>
    </ClCompile>
    <ClCompile Include="스택\스택강의.cpp">
      <Filter>소스 파일</Filter>
    </ClCompile>
    <ClCompile Include="스택\9012.cpp">
      <Filter>소스 파일</Filter>
    </ClCompile>
    <ClCompile Include="스택\9012-1.cpp">
      <Filter>소스 파일</Filter>
    </ClCompile>
    <ClCompile Include="큐\2164.cpp">
      <Filter>소스 파일</Filter>
    </ClCompile>
    <ClCompile Include="스택\10845.cpp">
      <Filter>소스 파일</Filter>
    </ClCompile>
    <ClCompile Include="BRONZES\1855.cpp">
      <Filter>소스 파일</Filter>
    </ClCompile>
    <ClCompile Include="BRONZES\10953.cpp">
      <Filter>소스 파일</Filter>
    </ClCompile>
    <ClCompile Include="스택\원형큐.cpp">
      <Filter>소스 파일</Filter>
    </ClCompile>
    <ClCompile Include="BRONZES\11365.cpp">
      <Filter>소스 파일</Filter>
    </ClCompile>
    <ClCompile Include="SILVERS\SILVER 2\1106.cpp">
      <Filter>소스 파일</Filter>
    </ClCompile>
    <ClCompile Include="SILVERS\SILVER 2\1474.cpp">
      <Filter>소스 파일</Filter>
    </ClCompile>
    <ClCompile Include="SILVERS\SILVER 2\1541.cpp">
      <Filter>소스 파일</Filter>
    </ClCompile>
    <ClCompile Include="SILVERS\SILVER 3\1411.cpp">
      <Filter>소스 파일</Filter>
    </ClCompile>
    <ClCompile Include="SILVERS\SILVER 3\1699.cpp">
      <Filter>소스 파일</Filter>
    </ClCompile>
    <ClCompile Include="SILVERS\SILVER 3\5671.cpp">
      <Filter>소스 파일</Filter>
    </ClCompile>
    <ClCompile Include="SILVERS\SILVER 3\12176.cpp">
      <Filter>소스 파일</Filter>
    </ClCompile>
    <ClCompile Include="SILVERS\SILVER 5\1037.cpp">
      <Filter>소스 파일</Filter>
    </ClCompile>
    <ClCompile Include="SILVERS\SILVER 5\1059.cpp">
      <Filter>소스 파일</Filter>
    </ClCompile>
    <ClCompile Include="SILVERS\SILVER 5\1158.cpp">
      <Filter>소스 파일</Filter>
    </ClCompile>
    <ClCompile Include="SILVERS\SILVER 5\1308.cpp">
      <Filter>소스 파일</Filter>
    </ClCompile>
    <ClCompile Include="SILVERS\SILVER 5\1417.cpp">
      <Filter>소스 파일</Filter>
    </ClCompile>
    <ClCompile Include="SILVERS\SILVER 5\1436.cpp">
      <Filter>소스 파일</Filter>
    </ClCompile>
    <ClCompile Include="SILVERS\SILVER 5\1485.cpp">
      <Filter>소스 파일</Filter>
    </ClCompile>
    <ClCompile Include="SILVERS\SILVER 5\1769.cpp">
      <Filter>소스 파일</Filter>
    </ClCompile>
    <ClCompile Include="SILVERS\SILVER 5\1934.cpp">
      <Filter>소스 파일</Filter>
    </ClCompile>
    <ClCompile Include="SILVERS\SILVER 5\2089.cpp">
      <Filter>소스 파일</Filter>
    </ClCompile>
    <ClCompile Include="SILVERS\SILVER 5\2730.cpp">
      <Filter>소스 파일</Filter>
    </ClCompile>
    <ClCompile Include="SILVERS\SILVER 5\2822.cpp">
      <Filter>소스 파일</Filter>
    </ClCompile>
    <ClCompile Include="SILVERS\SILVER 5\3613.cpp">
      <Filter>소스 파일</Filter>
    </ClCompile>
    <ClCompile Include="SILVERS\SILVER 5\11650.cpp">
      <Filter>소스 파일</Filter>
    </ClCompile>
    <ClCompile Include="SILVERS\SILVER 5\11650-1.c">
      <Filter>소스 파일</Filter>
    </ClCompile>
    <ClCompile Include="SILVERS\SILVER I\1025.cpp">
      <Filter>소스 파일</Filter>
    </ClCompile>
    <ClCompile Include="SILVERS\SILVER I\1068.cpp">
      <Filter>소스 파일</Filter>
    </ClCompile>
    <ClCompile Include="SILVERS\SILVER I\1074.cpp">
      <Filter>소스 파일</Filter>
    </ClCompile>
    <ClCompile Include="SILVERS\SILVER I\1188.cpp">
      <Filter>소스 파일</Filter>
    </ClCompile>
    <ClCompile Include="SILVERS\SILVER I\1364.cpp">
      <Filter>소스 파일</Filter>
    </ClCompile>
    <ClCompile Include="SILVERS\SILVER I\1451.cpp">
      <Filter>소스 파일</Filter>
    </ClCompile>
    <ClCompile Include="SILVERS\SILVER I\1456.cpp">
      <Filter>소스 파일</Filter>
    </ClCompile>
    <ClCompile Include="SILVERS\SILVER I\1500.cpp">
      <Filter>소스 파일</Filter>
    </ClCompile>
    <ClCompile Include="SILVERS\SILVER I\1629.cpp">
      <Filter>소스 파일</Filter>
    </ClCompile>
    <ClCompile Include="SILVERS\SILVER I\1669.cpp">
      <Filter>소스 파일</Filter>
    </ClCompile>
    <ClCompile Include="SILVERS\SILVER I\1863.cpp">
      <Filter>소스 파일</Filter>
    </ClCompile>
    <ClCompile Include="SILVERS\SILVER I\2293.cpp">
      <Filter>소스 파일</Filter>
    </ClCompile>
    <ClCompile Include="SILVERS\SILVER I\2877.cpp">
      <Filter>소스 파일</Filter>
    </ClCompile>
    <ClCompile Include="GOLDS\GOLD 5\1759.cpp">
      <Filter>소스 파일</Filter>
    </ClCompile>
    <ClCompile Include="SILVERS\SILVER 4\9656.cpp">
      <Filter>소스 파일</Filter>
    </ClCompile>
    <ClCompile Include="BRONZES\1668.cpp">
      <Filter>소스 파일</Filter>
    </ClCompile>
    <ClCompile Include="SILVERS\SILVER 2\3231.cpp">
      <Filter>소스 파일</Filter>
    </ClCompile>
    <ClCompile Include="BRONZES\5347.cpp">
      <Filter>소스 파일</Filter>
    </ClCompile>
    <ClCompile Include="SILVERS\SILVER I\1012.cpp">
      <Filter>소스 파일</Filter>
    </ClCompile>
    <ClCompile Include="GOLDS\GOLD 5\1393.cpp">
      <Filter>소스 파일</Filter>
    </ClCompile>
    <ClCompile Include="동적계획법1\1463_재귀.cpp">
      <Filter>소스 파일</Filter>
    </ClCompile>
    <ClCompile Include="동적계획법1\1463_동적.cpp">
      <Filter>소스 파일</Filter>
    </ClCompile>
    <ClCompile Include="SILVERS\SILVER I\6324.cpp">
      <Filter>소스 파일</Filter>
    </ClCompile>
    <ClCompile Include="동적계획법1\9095.cpp">
      <Filter>소스 파일</Filter>
    </ClCompile>
    <ClCompile Include="동적계획법1\1699.cpp">
      <Filter>소스 파일</Filter>
    </ClCompile>
    <ClCompile Include="SILVERS\SILVER 5\11728.cpp">
      <Filter>소스 파일</Filter>
    </ClCompile>
    <ClCompile Include="동적계획법1\1149.cpp">
      <Filter>소스 파일</Filter>
    </ClCompile>
    <ClCompile Include="SILVERS\SILVER I\14585.cpp">
      <Filter>소스 파일</Filter>
    </ClCompile>
    <ClCompile Include="SILVERS\SILVER 2\6603.cpp">
      <Filter>소스 파일</Filter>
    </ClCompile>
    <ClCompile Include="SILVERS\SILVER I\1041.cpp">
      <Filter>소스 파일</Filter>
    </ClCompile>
    <ClCompile Include="슬라이딩윈도우\3078.cpp">
      <Filter>소스 파일</Filter>
    </ClCompile>
    <ClCompile Include="소스.cpp">
      <Filter>소스 파일</Filter>
    </ClCompile>
    <ClCompile Include="DFS_BFS\1260.cpp">
      <Filter>소스 파일</Filter>
    </ClCompile>
    <ClCompile Include="DFS_BFS\1697.cpp">
      <Filter>소스 파일</Filter>
    </ClCompile>
    <ClCompile Include="DFS_BFS\1926.cpp">
      <Filter>소스 파일</Filter>
    </ClCompile>
    <ClCompile Include="TwoPointer\2003.cpp">
      <Filter>소스 파일</Filter>
    </ClCompile>
    <ClCompile Include="동적계획법1\2096.cpp">
      <Filter>소스 파일</Filter>
    </ClCompile>
    <ClCompile Include="DFS_BFS\1325.cpp">
      <Filter>소스 파일</Filter>
    </ClCompile>
    <ClCompile Include="SILVERS\SILVER 2\5636.cpp">
      <Filter>소스 파일</Filter>
    </ClCompile>
    <ClCompile Include="SILVERS\SILVER 2\1182.cpp">
      <Filter>소스 파일</Filter>
    </ClCompile>
    <ClCompile Include="SILVERS\SILVER 2\소인수분해.cpp">
      <Filter>소스 파일</Filter>
    </ClCompile>
    <ClCompile Include="SILVERS\SILVER 2\1816.cpp">
      <Filter>소스 파일</Filter>
    </ClCompile>
    <ClCompile Include="SILVERS\SILVER 2\1105.cpp">
      <Filter>소스 파일</Filter>
    </ClCompile>
    <ClCompile Include="SILVERS\SILVER 2\1780.cpp">
      <Filter>소스 파일</Filter>
    </ClCompile>
    <ClCompile Include="SILVERS\SILVER 2\1850.cpp">
      <Filter>소스 파일</Filter>
    </ClCompile>
    <ClCompile Include="SILVERS\SILVER 2\2529.cpp">
      <Filter>소스 파일</Filter>
    </ClCompile>
    <ClCompile Include="SILVERS\SILVER 2\1912.cpp">
      <Filter>소스 파일</Filter>
    </ClCompile>
    <ClCompile Include="SILVERS\SILVER I\1411.cpp">
      <Filter>소스 파일</Filter>
    </ClCompile>
    <ClCompile Include="SILVERS\SILVER 2\1564.cpp">
      <Filter>소스 파일</Filter>
    </ClCompile>
    <ClCompile Include="동적계획법1\2015.cpp">
      <Filter>소스 파일</Filter>
    </ClCompile>
    <ClCompile Include="SILVERS\SILVER I\1052.cpp">
      <Filter>소스 파일</Filter>
    </ClCompile>
    <ClCompile Include="SILVERS\SILVER I\1358.cpp">
      <Filter>소스 파일</Filter>
    </ClCompile>
    <ClCompile Include="SILVERS\SILVER 2\1735.cpp">
      <Filter>소스 파일</Filter>
    </ClCompile>
    <ClCompile Include="SILVERS\SILVER I\1461.cpp">
      <Filter>소스 파일</Filter>
    </ClCompile>
    <ClCompile Include="SILVERS\SILVER I\1722.cpp">
      <Filter>소스 파일</Filter>
    </ClCompile>
    <ClCompile Include="SILVERS\SILVER I\2036.cpp">
      <Filter>소스 파일</Filter>
    </ClCompile>
    <ClCompile Include="SILVERS\SILVER I\2091.cpp">
      <Filter>소스 파일</Filter>
    </ClCompile>
    <ClCompile Include="SILVERS\SILVER I\2011.cpp">
      <Filter>소스 파일</Filter>
    </ClCompile>
    <ClCompile Include="SILVERS\SILVER 2\10597.cpp">
      <Filter>소스 파일</Filter>
    </ClCompile>
    <ClCompile Include="BRONZES\11719.cpp">
      <Filter>소스 파일</Filter>
    </ClCompile>
    <ClCompile Include="SILVERS\SILVER I\14888.cpp">
      <Filter>소스 파일</Filter>
    </ClCompile>
    <ClCompile Include="SILVERS\SILVER 3\15649.cpp">
      <Filter>소스 파일</Filter>
    </ClCompile>
    <ClCompile Include="SILVERS\SILVER I\1992.cpp">
      <Filter>소스 파일</Filter>
    </ClCompile>
    <ClCompile Include="GOLDS\GOLD 5\13908.cpp">
      <Filter>소스 파일</Filter>
    </ClCompile>
    <ClCompile Include="GOLDS\GOLD 5\5014.cpp">
      <Filter>소스 파일</Filter>
    </ClCompile>
    <ClCompile Include="SILVERS\SILVER 2\18870.cpp">
      <Filter>소스 파일</Filter>
    </ClCompile>
    <ClCompile Include="SILVERS\SILVER 3\2193.cpp">
      <Filter>소스 파일</Filter>
    </ClCompile>
    <ClCompile Include="SILVERS\SILVER I\7576.cpp">
      <Filter>소스 파일</Filter>
    </ClCompile>
    <ClCompile Include="SILVERS\SILVER 2\11724.cpp">
      <Filter>소스 파일</Filter>
    </ClCompile>
    <ClCompile Include="SILVERS\SILVER 3\10799.cpp">
      <Filter>소스 파일</Filter>
    </ClCompile>
    <ClCompile Include="SILVERS\SILVER I\2156.cpp">
      <Filter>소스 파일</Filter>
    </ClCompile>
    <ClCompile Include="SILVERS\SILVER I\1790.cpp">
      <Filter>소스 파일</Filter>
    </ClCompile>
    <ClCompile Include="SILVERS\SILVER I\1189.cpp">
      <Filter>소스 파일</Filter>
    </ClCompile>
    <ClCompile Include="특정CASES\배열callbyvalue하고싶을때.cpp">
      <Filter>소스 파일</Filter>
    </ClCompile>
    <ClCompile Include="SILVERS\SILVER I\1245.cpp">
      <Filter>소스 파일</Filter>
    </ClCompile>
    <ClCompile Include="SILVERS\SILVER I\2575.cpp">
      <Filter>소스 파일</Filter>
    </ClCompile>
    <ClCompile Include="SILVERS\SILVER I\11048.cpp">
      <Filter>소스 파일</Filter>
    </ClCompile>
    <ClCompile Include="SILVERS\SILVER I\2859.cpp">
      <Filter>소스 파일</Filter>
    </ClCompile>
    <ClCompile Include="SILVERS\SILVER I\5376.cpp">
      <Filter>소스 파일</Filter>
    </ClCompile>
    <ClCompile Include="GOLDS\GOLD 5\1963.cpp">
      <Filter>소스 파일</Filter>
    </ClCompile>
    <ClCompile Include="GOLDS\GOLD 5\2824.cpp">
      <Filter>소스 파일</Filter>
    </ClCompile>
    <ClCompile Include="GOLDS\GOLD 5\1038.cpp">
      <Filter>소스 파일</Filter>
    </ClCompile>
    <ClCompile Include="GOLDS\GOLD 5\17828.cpp">
      <Filter>소스 파일</Filter>
    </ClCompile>
    <ClCompile Include="GOLDS\GOLD 5\15686.cpp">
      <Filter>소스 파일</Filter>
    </ClCompile>
    <ClCompile Include="GOLDS\GOLD 5\3190.cpp">
      <Filter>소스 파일</Filter>
    </ClCompile>
    <ClCompile Include="GOLDS\GOLD 5\2493.cpp">
      <Filter>소스 파일</Filter>
    </ClCompile>
    <ClCompile Include="GOLDS\GOLD 5\1915.cpp">
      <Filter>소스 파일</Filter>
    </ClCompile>
    <ClCompile Include="ICPC_sinchon\2798.cpp">
      <Filter>소스 파일</Filter>
    </ClCompile>
    <ClCompile Include="ICPC_sinchon\2231.cpp">
      <Filter>소스 파일</Filter>
    </ClCompile>
    <ClCompile Include="ICPC_sinchon\13410.cpp">
      <Filter>소스 파일</Filter>
    </ClCompile>
    <ClCompile Include="ICPC_sinchon\1436.cpp">
      <Filter>소스 파일</Filter>
    </ClCompile>
    <ClCompile Include="ICPC_sinchon\4641.cpp">
      <Filter>소스 파일</Filter>
    </ClCompile>
    <ClCompile Include="ICPC_sinchon\7568.cpp">
      <Filter>소스 파일</Filter>
    </ClCompile>
    <ClCompile Include="ICPC_sinchon\2858.cpp">
      <Filter>소스 파일</Filter>
    </ClCompile>
    <ClCompile Include="ICPC_sinchon\1018.cpp">
      <Filter>소스 파일</Filter>
    </ClCompile>
    <ClCompile Include="GOLDS\GOLD 5\2467.cpp">
      <Filter>소스 파일</Filter>
    </ClCompile>
    <ClCompile Include="GOLDS\GOLD 5\2436.cpp">
      <Filter>소스 파일</Filter>
    </ClCompile>
    <ClCompile Include="GOLDS\GOLD 5\2174.cpp">
      <Filter>소스 파일</Filter>
    </ClCompile>
    <ClCompile Include="GOLDS\GOLD 5\1405.cpp">
      <Filter>소스 파일</Filter>
    </ClCompile>
    <ClCompile Include="GOLDS\GOLD 5\9252.cpp">
      <Filter>소스 파일</Filter>
    </ClCompile>
    <ClCompile Include="GOLDS\GOLD 5\2225.cpp">
      <Filter>소스 파일</Filter>
    </ClCompile>
    <ClCompile Include="SILVERS\SILVER 2\11279.cpp">
      <Filter>소스 파일</Filter>
    </ClCompile>
    <ClCompile Include="GOLDS\GOLD 5\17140.cpp">
      <Filter>소스 파일</Filter>
    </ClCompile>
    <ClCompile Include="GOLDS\GOLD 4\1976.cpp">
      <Filter>소스 파일</Filter>
    </ClCompile>
    <ClCompile Include="GOLDS\GOLD 4\1922.cpp">
      <Filter>소스 파일</Filter>
    </ClCompile>
    <ClCompile Include="GOLDS\GOLD 4\2573.cpp">
      <Filter>소스 파일</Filter>
    </ClCompile>
    <ClCompile Include="SILVERS\SILVER I\2447.cpp">
      <Filter>소스 파일</Filter>
    </ClCompile>
    <ClCompile Include="SILVERS\SILVER 5\13015.cpp">
      <Filter>소스 파일</Filter>
    </ClCompile>
    <ClCompile Include="GOLDS\GOLD 4\9466.cpp">
      <Filter>소스 파일</Filter>
    </ClCompile>
    <ClCompile Include="GOLDS\GOLD 4\1967.cpp">
      <Filter>소스 파일</Filter>
    </ClCompile>
    <ClCompile Include="GOLDS\GOLD 4\1504.cpp">
      <Filter>소스 파일</Filter>
    </ClCompile>
    <ClCompile Include="GOLDS\GOLD 3\11054.cpp">
      <Filter>소스 파일</Filter>
    </ClCompile>
    <ClCompile Include="GOLDS\GOLD 4\11444.cpp">
      <Filter>소스 파일</Filter>
    </ClCompile>
    <ClCompile Include="GOLDS\GOLD 2\2099.cpp">
      <Filter>소스 파일</Filter>
    </ClCompile>
    <ClCompile Include="GOLDS\GOLD 2\14289.cpp">
      <Filter>소스 파일</Filter>
    </ClCompile>
    <ClCompile Include="GOLDS\GOLD 2\12850.cpp">
      <Filter>소스 파일</Filter>
    </ClCompile>
    <ClCompile Include="PLATINUM\2357.cpp">
      <Filter>소스 파일</Filter>
    </ClCompile>
    <ClCompile Include="GOLDS\GOLD 3\11437.cpp">
      <Filter>소스 파일</Filter>
    </ClCompile>
    <ClCompile Include="GOLDS\GOLD 3\1167.cpp">
      <Filter>소스 파일</Filter>
    </ClCompile>
    <ClCompile Include="GOLDS\GOLD 3\10159.cpp">
      <Filter>소스 파일</Filter>
    </ClCompile>
    <ClCompile Include="GOLDS\GOLD 2\2250.cpp">
      <Filter>소스 파일</Filter>
    </ClCompile>
    <ClCompile Include="GOLDS\GOLD 3\7579.cpp">
      <Filter>소스 파일</Filter>
    </ClCompile>
    <ClCompile Include="GOLDS\GOLD 4\18109.cpp">
      <Filter>소스 파일</Filter>
    </ClCompile>
    <ClCompile Include="SILVERS\SILVER 4\10025.cpp">
      <Filter>소스 파일</Filter>
    </ClCompile>
    <ClCompile Include="SPC\18111.cpp">
      <Filter>소스 파일</Filter>
    </ClCompile>
    <ClCompile Include="SILVERS\SILVER 2\2841.cpp">
      <Filter>소스 파일</Filter>
    </ClCompile>
    <ClCompile Include="GOLDS\GOLD 3\2263.cpp">
      <Filter>소스 파일</Filter>
    </ClCompile>
    <ClCompile Include="GOLDS\GOLD 3\1377.cpp">
      <Filter>소스 파일</Filter>
    </ClCompile>
    <ClCompile Include="GOLDS\GOLD 3\16562.cpp">
      <Filter>소스 파일</Filter>
    </ClCompile>
    <ClCompile Include="SILVERS\SILVER I\11051.cpp">
      <Filter>소스 파일</Filter>
    </ClCompile>
    <ClCompile Include="GOLDS\GOLD 3\11049.cpp">
      <Filter>소스 파일</Filter>
    </ClCompile>
    <ClCompile Include="SILVERS\SILVER 3\11726.cpp">
      <Filter>소스 파일</Filter>
    </ClCompile>
    <ClCompile Include="그래프이론\5567.cpp">
      <Filter>소스 파일</Filter>
    </ClCompile>
    <ClCompile Include="ICPC_sinchon\5430.cpp">
      <Filter>소스 파일</Filter>
    </ClCompile>
    <ClCompile Include="ICPC_sinchon\2003.cpp">
      <Filter>소스 파일</Filter>
    </ClCompile>
    <ClCompile Include="ICPC_sinchon\18258.cpp">
      <Filter>소스 파일</Filter>
    </ClCompile>
    <ClCompile Include="ICPC_sinchon\2164.cpp">
      <Filter>소스 파일</Filter>
    </ClCompile>
    <ClCompile Include="ICPC_sinchon\1021.cpp">
      <Filter>소스 파일</Filter>
    </ClCompile>
    <ClCompile Include="이분탐색\2512.cpp">
      <Filter>소스 파일</Filter>
    </ClCompile>
    <ClCompile Include="이분탐색\2776.cpp">
      <Filter>소스 파일</Filter>
    </ClCompile>
    <ClCompile Include="이분탐색\16564.cpp">
      <Filter>소스 파일</Filter>
    </ClCompile>
    <ClCompile Include="ICPC_sinchon\18115.cpp">
      <Filter>소스 파일</Filter>
    </ClCompile>
    <ClCompile Include="CODEFORCES\1395-A.cpp">
      <Filter>소스 파일</Filter>
    </ClCompile>
    <ClCompile Include="ICPC_sinchon\1806.cpp">
      <Filter>소스 파일</Filter>
    </ClCompile>
    <ClCompile Include="이분탐색\1789.cpp">
      <Filter>소스 파일</Filter>
    </ClCompile>
    <ClCompile Include="GREEDY\1082.cpp">
      <Filter>소스 파일</Filter>
    </ClCompile>
    <ClCompile Include="GREEDY\1083.cpp">
      <Filter>소스 파일</Filter>
    </ClCompile>
    <ClCompile Include="GREEDY\소스1.cpp">
      <Filter>소스 파일</Filter>
    </ClCompile>
    <ClCompile Include="GREEDY\1092.cpp">
      <Filter>소스 파일</Filter>
    </ClCompile>
    <ClCompile Include="GREEDY\1138.cpp">
      <Filter>소스 파일</Filter>
    </ClCompile>
    <ClCompile Include="GOLDS\GOLD 4\1520.cpp">
      <Filter>소스 파일</Filter>
    </ClCompile>
    <ClCompile Include="ICPC_sinchon\14659.cpp">
      <Filter>소스 파일</Filter>
    </ClCompile>
    <ClCompile Include="ICPC_sinchon\11399.cpp">
      <Filter>소스 파일</Filter>
    </ClCompile>
    <ClCompile Include="GREEDY\1058.cpp">
      <Filter>소스 파일</Filter>
    </ClCompile>
    <ClCompile Include="그래프이론\1043.cpp">
      <Filter>소스 파일</Filter>
    </ClCompile>
    <ClCompile Include="그래프이론\3098.cpp">
      <Filter>소스 파일</Filter>
    </ClCompile>
    <ClCompile Include="그래프이론\2210.cpp">
      <Filter>소스 파일</Filter>
    </ClCompile>
    <ClCompile Include="그래프이론\11725.cpp">
      <Filter>소스 파일</Filter>
    </ClCompile>
    <ClCompile Include="GREEDY\11047.cpp">
      <Filter>소스 파일</Filter>
    </ClCompile>
    <ClCompile Include="GREEDY\1339.cpp">
      <Filter>소스 파일</Filter>
    </ClCompile>
    <ClCompile Include="CODEFORCES\1398-A.cpp">
      <Filter>소스 파일</Filter>
    </ClCompile>
    <ClCompile Include="CODEFORCES\1398-B.cpp">
      <Filter>소스 파일</Filter>
    </ClCompile>
    <ClCompile Include="GOLDS\GOLD 4\17073.cpp">
      <Filter>소스 파일</Filter>
    </ClCompile>
    <ClCompile Include="GREEDY\2812.cpp">
      <Filter>소스 파일</Filter>
    </ClCompile>
    <ClCompile Include="GREEDY\1744.cpp">
      <Filter>소스 파일</Filter>
    </ClCompile>
    <ClCompile Include="GOLDS\GOLD 3\11066.cpp">
      <Filter>소스 파일</Filter>
    </ClCompile>
    <ClCompile Include="GOLDS\GOLD 3\2437.cpp">
      <Filter>소스 파일</Filter>
    </ClCompile>
    <ClCompile Include="GOLDS\GOLD 3\1613.cpp">
      <Filter>소스 파일</Filter>
    </ClCompile>
    <ClCompile Include="GOLDS\GOLD 3\1613-1.cpp">
      <Filter>소스 파일</Filter>
    </ClCompile>
    <ClCompile Include="FLOYD\11779.cpp">
      <Filter>소스 파일</Filter>
    </ClCompile>
    <ClCompile Include="GOLDS\GOLD 3\2143.cpp">
      <Filter>소스 파일</Filter>
    </ClCompile>
    <ClCompile Include="TREE\19581.cpp">
      <Filter>소스 파일</Filter>
    </ClCompile>
    <ClCompile Include="GOLDS\GOLD 2\10942.cpp">
      <Filter>소스 파일</Filter>
    </ClCompile>
    <ClCompile Include="LIS\1365.cpp">
      <Filter>소스 파일</Filter>
    </ClCompile>
    <ClCompile Include="줄세우기유형\2252.cpp">
      <Filter>소스 파일</Filter>
    </ClCompile>
    <ClCompile Include="LIS\12015.cpp">
      <Filter>소스 파일</Filter>
    </ClCompile>
    <ClCompile Include="MST\4195.cpp">
      <Filter>소스 파일</Filter>
    </ClCompile>
    <ClCompile Include="GOLDS\GOLD 4\1707.cpp">
      <Filter>소스 파일</Filter>
    </ClCompile>
    <ClCompile Include="T.IM\2.cpp">
      <Filter>소스 파일</Filter>
    </ClCompile>
    <ClCompile Include="T.IM\3.cpp">
      <Filter>소스 파일</Filter>
    </ClCompile>
    <ClCompile Include="T.IM\4.cpp">
      <Filter>소스 파일</Filter>
    </ClCompile>
    <ClCompile Include="T.IM\5.cpp">
      <Filter>소스 파일</Filter>
    </ClCompile>
    <ClCompile Include="T.IM\1.cpp">
      <Filter>소스 파일</Filter>
    </ClCompile>
    <ClCompile Include="T.IM\6.cpp">
      <Filter>소스 파일</Filter>
    </ClCompile>
    <ClCompile Include="T.IM\123.cpp">
      <Filter>소스 파일</Filter>
    </ClCompile>
    <ClCompile Include="DFS_BFS\2667.cpp">
      <Filter>소스 파일</Filter>
    </ClCompile>
    <ClCompile Include="DFS_BFS\2606.cpp">
      <Filter>소스 파일</Filter>
    </ClCompile>
    <ClCompile Include="GOLDS\GOLD 2\1202.cpp">
      <Filter>소스 파일</Filter>
    </ClCompile>
    <ClCompile Include="GOLDS\GOLD 2\1700.cpp">
      <Filter>소스 파일</Filter>
    </ClCompile>
    <ClCompile Include="TOPO\14567.cpp">
      <Filter>소스 파일</Filter>
    </ClCompile>
    <ClCompile Include="TOPO\2655.cpp">
      <Filter>소스 파일</Filter>
    </ClCompile>
    <ClCompile Include="CODEGROUND\1.cpp">
      <Filter>소스 파일</Filter>
    </ClCompile>
    <ClCompile Include="TREE\14675.cpp">
      <Filter>소스 파일</Filter>
    </ClCompile>
    <ClCompile Include="TREE\16437.cpp">
      <Filter>소스 파일</Filter>
    </ClCompile>
    <ClCompile Include="GOLDS\GOLD 2\1655.cpp">
      <Filter>소스 파일</Filter>
    </ClCompile>
    <ClCompile Include="GOLDS\GOLD 1\1016.cpp">
      <Filter>소스 파일</Filter>
    </ClCompile>
    <ClCompile Include="GOLDS\GOLD 1\14003.cpp">
      <Filter>소스 파일</Filter>
    </ClCompile>
    <ClCompile Include="CODEFORCES\1400-A.cpp">
      <Filter>소스 파일</Filter>
    </ClCompile>
    <ClCompile Include="CODEFORCES\1400-C.cpp">
      <Filter>소스 파일</Filter>
    </ClCompile>
    <ClCompile Include="BIT MASK\2098.cpp">
      <Filter>소스 파일</Filter>
    </ClCompile>
    <ClCompile Include="BIT MASK\1094.cpp">
      <Filter>소스 파일</Filter>
    </ClCompile>
    <ClCompile Include="SILVERS\SILVER 4\1620.cpp">
      <Filter>소스 파일</Filter>
    </ClCompile>
    <ClCompile Include="GOLDS\GOLD 4\4358.cpp">
      <Filter>소스 파일</Filter>
    </ClCompile>
    <ClCompile Include="SILVERS\SILVER 3\13414.cpp">
      <Filter>소스 파일</Filter>
    </ClCompile>
    <ClCompile Include="SILVERS\SILVER 2\16165.cpp">
      <Filter>소스 파일</Filter>
    </ClCompile>
    <ClCompile Include="SILVERS\SILVER 2\14425.cpp">
      <Filter>소스 파일</Filter>
    </ClCompile>
    <ClCompile Include="SILVERS\SILVER 4\2331.cpp">
      <Filter>소스 파일</Filter>
    </ClCompile>
    <ClCompile Include="PRIORITY_QUEUE\1927.cpp">
      <Filter>소스 파일</Filter>
    </ClCompile>
    <ClCompile Include="CODEFORCES\1397-A.cpp">
      <Filter>소스 파일</Filter>
    </ClCompile>
    <ClCompile Include="CODEFORCES\1397-B.cpp">
      <Filter>소스 파일</Filter>
    </ClCompile>
    <ClCompile Include="CODEFORCES\532-2.cpp">
      <Filter>소스 파일</Filter>
    </ClCompile>
    <ClCompile Include="CODEFORCES\532-3.cpp">
      <Filter>소스 파일</Filter>
    </ClCompile>
    <ClCompile Include="CODEFORCES\shit.cpp">
      <Filter>소스 파일</Filter>
    </ClCompile>
    <ClCompile Include="조합론\16395.cpp">
      <Filter>소스 파일</Filter>
    </ClCompile>
    <ClCompile Include="조합론\1010.cpp">
      <Filter>소스 파일</Filter>
    </ClCompile>
    <ClCompile Include="조합론\17436.cpp">
      <Filter>소스 파일</Filter>
    </ClCompile>
    <ClCompile Include="조합론\16938.cpp">
      <Filter>소스 파일</Filter>
    </ClCompile>
    <ClCompile Include="조합론\1256.cpp">
      <Filter>소스 파일</Filter>
    </ClCompile>
    <ClCompile Include="조합론\13912.cpp">
      <Filter>소스 파일</Filter>
    </ClCompile>
    <ClCompile Include="이진트리\5639.cpp">
      <Filter>소스 파일</Filter>
    </ClCompile>
    <ClCompile Include="조합론\8916.cpp">
      <Filter>소스 파일</Filter>
    </ClCompile>
    <ClCompile Include="조합론\8907.cpp">
      <Filter>소스 파일</Filter>
    </ClCompile>
    <ClCompile Include="TOPO\1005.cpp">
      <Filter>소스 파일</Filter>
    </ClCompile>
    <ClCompile Include="TOPO\1766.cpp">
      <Filter>소스 파일</Filter>
    </ClCompile>
    <ClCompile Include="SCC\4196.cpp">
      <Filter>소스 파일</Filter>
    </ClCompile>
    <ClCompile Include="SCC\2150.cpp">
      <Filter>소스 파일</Filter>
    </ClCompile>
    <ClCompile Include="SCC\6543.cpp">
      <Filter>소스 파일</Filter>
    </ClCompile>
    <ClCompile Include="SCC\3977.cpp">
      <Filter>소스 파일</Filter>
    </ClCompile>
    <ClCompile Include="SCC\13344.cpp">
      <Filter>소스 파일</Filter>
    </ClCompile>
    <ClCompile Include="SEG TREE\14427.cpp">
      <Filter>소스 파일</Filter>
    </ClCompile>
    <ClCompile Include="SEG TREE\14428.cpp">
      <Filter>소스 파일</Filter>
    </ClCompile>
    <ClCompile Include="SEG TREE\2357.cpp">
      <Filter>소스 파일</Filter>
    </ClCompile>
    <ClCompile Include="SEG TREE\11505.cpp">
      <Filter>소스 파일</Filter>
    </ClCompile>
    <ClCompile Include="SEG TREE\1275.cpp">
      <Filter>소스 파일</Filter>
    </ClCompile>
    <ClCompile Include="SEG TREE\1849.cpp">
      <Filter>소스 파일</Filter>
    </ClCompile>
    <ClCompile Include="SEG TREE\1777.cpp">
      <Filter>소스 파일</Filter>
    </ClCompile>
    <ClCompile Include="SEG TREE\2517.cpp">
      <Filter>소스 파일</Filter>
    </ClCompile>
    <ClCompile Include="SEG TREE\11658.cpp">
      <Filter>소스 파일</Filter>
    </ClCompile>
    <ClCompile Include="ICPC_sinchon\19640.cpp">
      <Filter>소스 파일</Filter>
    </ClCompile>
    <ClCompile Include="PRIORITY_QUEUE\12018.cpp">
      <Filter>소스 파일</Filter>
    </ClCompile>
    <ClCompile Include="PRIORITY_QUEUE\15903.cpp">
      <Filter>소스 파일</Filter>
    </ClCompile>
    <ClCompile Include="PRIORITY_QUEUE\17503.cpp">
      <Filter>소스 파일</Filter>
    </ClCompile>
    <ClCompile Include="PRIORITY_QUEUE\11286.cpp">
      <Filter>소스 파일</Filter>
    </ClCompile>
    <ClCompile Include="PRIORITY_QUEUE\2075.cpp">
      <Filter>소스 파일</Filter>
    </ClCompile>
    <ClCompile Include="DIJKSTRA\1753.cpp">
      <Filter>소스 파일</Filter>
    </ClCompile>
    <ClCompile Include="DIJKSTRA\4485.cpp">
      <Filter>소스 파일</Filter>
    </ClCompile>
    <ClCompile Include="DIJKSTRA\16681.cpp">
      <Filter>소스 파일</Filter>
    </ClCompile>
    <ClCompile Include="DIJKSTRA\17835.cpp">
      <Filter>소스 파일</Filter>
    </ClCompile>
    <ClCompile Include="GREEDY\9576.cpp">
      <Filter>소스 파일</Filter>
    </ClCompile>
    <ClCompile Include="GOLDS\GOLD 1\3197.cpp">
      <Filter>소스 파일</Filter>
    </ClCompile>
    <ClCompile Include="DISJOINT_SET\10216.cpp">
      <Filter>소스 파일</Filter>
    </ClCompile>
    <ClCompile Include="DISJOINT_SET\2162.cpp">
      <Filter>소스 파일</Filter>
    </ClCompile>
    <ClCompile Include="DISJOINT_SET\2013.cpp">
      <Filter>소스 파일</Filter>
    </ClCompile>
    <ClCompile Include="DISJOINT_SET\4803.cpp">
      <Filter>소스 파일</Filter>
    </ClCompile>
    <ClCompile Include="DISJOINT_SET\3108.cpp">
      <Filter>소스 파일</Filter>
    </ClCompile>
    <ClCompile Include="대학별\INHA\a.cpp">
      <Filter>소스 파일</Filter>
    </ClCompile>
    <ClCompile Include="대학별\INHA\e.cpp">
      <Filter>소스 파일</Filter>
    </ClCompile>
    <ClCompile Include="대학별\INHA\c.cpp">
      <Filter>소스 파일</Filter>
    </ClCompile>
    <ClCompile Include="icpc팀연습\a.cpp">
      <Filter>소스 파일</Filter>
    </ClCompile>
    <ClCompile Include="SEG TREE\LAZY\19951.cpp">
      <Filter>소스 파일</Filter>
    </ClCompile>
    <ClCompile Include="SEG TREE\LAZY\10999.cpp">
      <Filter>소스 파일</Filter>
    </ClCompile>
    <ClCompile Include="SEG TREE\LAZY\1395.cpp">
      <Filter>소스 파일</Filter>
    </ClCompile>
  </ItemGroup>
  <ItemGroup>
    <Text Include="input.txt" />
    <Text Include=".editorconfig.txt" />
  </ItemGroup>
</Project>